
Microsoft Visual Studio Solution File, Format Version 12.00
# Visual Studio Version 17
VisualStudioVersion = 17.3.32811.315
MinimumVisualStudioVersion = 10.0.40219.1
Project("{FAE04EC0-301F-11D3-BF4B-00C04F79EFBC}") = "upgift 6.4", "upgift 6.4\upgift 6.4.csproj", "{3AA86C74-6C9A-482C-A2BA-DB88248FFA71}"
EndProject
Global
	GlobalSection(SolutionConfigurationPlatforms) = preSolution
		Debug|Any CPU = Debug|Any CPU
		Release|Any CPU = Release|Any CPU
	EndGlobalSection
	GlobalSection(ProjectConfigurationPlatforms) = postSolution
		{3AA86C74-6C9A-482C-A2BA-DB88248FFA71}.Debug|Any CPU.ActiveCfg = Debug|Any CPU
		{3AA86C74-6C9A-482C-A2BA-DB88248FFA71}.Debug|Any CPU.Build.0 = Debug|Any CPU
		{3AA86C74-6C9A-482C-A2BA-DB88248FFA71}.Release|Any CPU.ActiveCfg = Release|Any CPU
		{3AA86C74-6C9A-482C-A2BA-DB88248FFA71}.Release|Any CPU.Build.0 = Release|Any CPU
	EndGlobalSection
	GlobalSection(SolutionProperties) = preSolution
		HideSolutionNode = FALSE
	EndGlobalSection
	GlobalSection(ExtensibilityGlobals) = postSolution
		SolutionGuid = {2DEB87C2-1943-4A16-8D2B-CF243FF18F3E}
	EndGlobalSection
EndGlobal
